// !$*UTF8*$!
{
	archiveVersion = 1;
	classes = {
	};
	objectVersion = 46;
	objects = {

/* Begin PBXBuildFile section */
		6112E5CE1B7F3A9500758E1D /* CCITreesAndGraphsTests.swift in Sources */ = {isa = PBXBuildFile; fileRef = 6112E5CC1B7F3A9200758E1D /* CCITreesAndGraphsTests.swift */; };
		6112E5D31B7F7A2600758E1D /* Vertex.m in Sources */ = {isa = PBXBuildFile; fileRef = 6112E5D21B7F7A2600758E1D /* Vertex.m */; };
		6112E5D61B7F7A7C00758E1D /* UndirectedGraph.m in Sources */ = {isa = PBXBuildFile; fileRef = 6112E5D51B7F7A7C00758E1D /* UndirectedGraph.m */; };
		6112E5DD1B801F7A00758E1D /* Queue.m in Sources */ = {isa = PBXBuildFile; fileRef = 6112E5DC1B801F7A00758E1D /* Queue.m */; };
		6112E5E01B8031DD00758E1D /* CCITreesAndGraphs.m in Sources */ = {isa = PBXBuildFile; fileRef = 6112E5DF1B8031DD00758E1D /* CCITreesAndGraphs.m */; };
		6112E5E31B81A8C300758E1D /* BinaryTree.m in Sources */ = {isa = PBXBuildFile; fileRef = 6112E5E21B81A8C300758E1D /* BinaryTree.m */; };
		611C2DD81B5E6C82000E9B19 /* CCILinkedLists.m in Sources */ = {isa = PBXBuildFile; fileRef = 611C2DD71B5E6C82000E9B19 /* CCILinkedLists.m */; };
		611C2DDB1B5E6CC4000E9B19 /* CCILinkedListsTests.swift in Sources */ = {isa = PBXBuildFile; fileRef = 611C2DD91B5E6C95000E9B19 /* CCILinkedListsTests.swift */; };
		611C2DDE1B5E6FD2000E9B19 /* LinkedList.m in Sources */ = {isa = PBXBuildFile; fileRef = 611C2DDD1B5E6FD2000E9B19 /* LinkedList.m */; };
		611C2DE21B5E6FE9000E9B19 /* Node.m in Sources */ = {isa = PBXBuildFile; fileRef = 611C2DE11B5E6FE9000E9B19 /* Node.m */; };
		61D0AB0C1B7E80D2009481EE /* PetShelter.m in Sources */ = {isa = PBXBuildFile; fileRef = 61D0AB0B1B7E80D2009481EE /* PetShelter.m */; };
		61D0AB0F1B7E86A3009481EE /* Pet.m in Sources */ = {isa = PBXBuildFile; fileRef = 61D0AB0E1B7E86A3009481EE /* Pet.m */; };
		61D0AB151B7E86BC009481EE /* Dog.m in Sources */ = {isa = PBXBuildFile; fileRef = 61D0AB141B7E86BC009481EE /* Dog.m */; };
		61D0AB181B7E86C6009481EE /* Cat.m in Sources */ = {isa = PBXBuildFile; fileRef = 61D0AB171B7E86C6009481EE /* Cat.m */; };
		61D0AB1C1B7F34A2009481EE /* BinarySearchTree.m in Sources */ = {isa = PBXBuildFile; fileRef = 61D0AB1B1B7F34A2009481EE /* BinarySearchTree.m */; };
		61D0AB1F1B7F34B4009481EE /* BinaryTreeNode.m in Sources */ = {isa = PBXBuildFile; fileRef = 61D0AB1E1B7F34B4009481EE /* BinaryTreeNode.m */; };
		61F1A6671B4D4C7000242D95 /* main.m in Sources */ = {isa = PBXBuildFile; fileRef = 61F1A6661B4D4C7000242D95 /* main.m */; };
		61F1A66A1B4D4C7000242D95 /* AppDelegate.m in Sources */ = {isa = PBXBuildFile; fileRef = 61F1A6691B4D4C7000242D95 /* AppDelegate.m */; };
		61F1A66D1B4D4C7000242D95 /* ViewController.m in Sources */ = {isa = PBXBuildFile; fileRef = 61F1A66C1B4D4C7000242D95 /* ViewController.m */; };
		61F1A6701B4D4C7000242D95 /* Main.storyboard in Resources */ = {isa = PBXBuildFile; fileRef = 61F1A66E1B4D4C7000242D95 /* Main.storyboard */; };
		61F1A6721B4D4C7000242D95 /* Assets.xcassets in Resources */ = {isa = PBXBuildFile; fileRef = 61F1A6711B4D4C7000242D95 /* Assets.xcassets */; };
		61F1A6751B4D4C7000242D95 /* LaunchScreen.storyboard in Resources */ = {isa = PBXBuildFile; fileRef = 61F1A6731B4D4C7000242D95 /* LaunchScreen.storyboard */; };
		61F1A6801B4D4C7000242D95 /* InterviewTests.m in Sources */ = {isa = PBXBuildFile; fileRef = 61F1A67F1B4D4C7000242D95 /* InterviewTests.m */; };
		61F1A68B1B4D4C7000242D95 /* InterviewUITests.m in Sources */ = {isa = PBXBuildFile; fileRef = 61F1A68A1B4D4C7000242D95 /* InterviewUITests.m */; };
		61F1A69A1B4D50CB00242D95 /* TestFile.swift in Sources */ = {isa = PBXBuildFile; fileRef = 61F1A6991B4D50CB00242D95 /* TestFile.swift */; };
		61F1A69D1B4D659500242D95 /* CCIArraysAndStrings.m in Sources */ = {isa = PBXBuildFile; fileRef = 61F1A69C1B4D659500242D95 /* CCIArraysAndStrings.m */; };
		61F1A6A01B4D65B500242D95 /* CCIArraysAndStringsTests.swift in Sources */ = {isa = PBXBuildFile; fileRef = 61F1A69F1B4D65B500242D95 /* CCIArraysAndStringsTests.swift */; };
		61FAF9E51B7DB91900E0A4FE /* DoublyLinkedList.m in Sources */ = {isa = PBXBuildFile; fileRef = 61FAF9E41B7DB91900E0A4FE /* DoublyLinkedList.m */; };
		61FAF9EB1B7DBB0500E0A4FE /* CCIStacksAndQueues.m in Sources */ = {isa = PBXBuildFile; fileRef = 61FAF9EA1B7DBB0500E0A4FE /* CCIStacksAndQueues.m */; };
		61FAF9ED1B7DBB2300E0A4FE /* CCIStacksAndQueuesTests.swift in Sources */ = {isa = PBXBuildFile; fileRef = 61FAF9EC1B7DBB2300E0A4FE /* CCIStacksAndQueuesTests.swift */; };
		61FAF9F11B7DBEA600E0A4FE /* DoublyLinkedNode.m in Sources */ = {isa = PBXBuildFile; fileRef = 61FAF9F01B7DBEA600E0A4FE /* DoublyLinkedNode.m */; };
		61FF13E71B7DC42C000A3A5C /* Stack.m in Sources */ = {isa = PBXBuildFile; fileRef = 61FF13E61B7DC42C000A3A5C /* Stack.m */; };
		61FF13F01B7DC9A6000A3A5C /* TwoStackQueue.m in Sources */ = {isa = PBXBuildFile; fileRef = 61FF13EF1B7DC9A6000A3A5C /* TwoStackQueue.m */; };
/* End PBXBuildFile section */

/* Begin PBXContainerItemProxy section */
		61F1A67C1B4D4C7000242D95 /* PBXContainerItemProxy */ = {
			isa = PBXContainerItemProxy;
			containerPortal = 61F1A65A1B4D4C7000242D95 /* Project object */;
			proxyType = 1;
			remoteGlobalIDString = 61F1A6611B4D4C7000242D95;
			remoteInfo = Interview;
		};
		61F1A6871B4D4C7000242D95 /* PBXContainerItemProxy */ = {
			isa = PBXContainerItemProxy;
			containerPortal = 61F1A65A1B4D4C7000242D95 /* Project object */;
			proxyType = 1;
			remoteGlobalIDString = 61F1A6611B4D4C7000242D95;
			remoteInfo = Interview;
		};
/* End PBXContainerItemProxy section */

/* Begin PBXFileReference section */
		6112E5CC1B7F3A9200758E1D /* CCITreesAndGraphsTests.swift */ = {isa = PBXFileReference; fileEncoding = 4; lastKnownFileType = sourcecode.swift; name = CCITreesAndGraphsTests.swift; path = "Classes/Chapter 4/CCITreesAndGraphsTests.swift"; sourceTree = "<group>"; };
		6112E5D11B7F7A2600758E1D /* Vertex.h */ = {isa = PBXFileReference; fileEncoding = 4; lastKnownFileType = sourcecode.c.h; name = Vertex.h; path = "Classes/Chapter 4/Vertex.h"; sourceTree = "<group>"; };
		6112E5D21B7F7A2600758E1D /* Vertex.m */ = {isa = PBXFileReference; fileEncoding = 4; lastKnownFileType = sourcecode.c.objc; name = Vertex.m; path = "Classes/Chapter 4/Vertex.m"; sourceTree = "<group>"; };
		6112E5D41B7F7A7C00758E1D /* UndirectedGraph.h */ = {isa = PBXFileReference; fileEncoding = 4; lastKnownFileType = sourcecode.c.h; name = UndirectedGraph.h; path = "Classes/Chapter 4/UndirectedGraph.h"; sourceTree = "<group>"; };
		6112E5D51B7F7A7C00758E1D /* UndirectedGraph.m */ = {isa = PBXFileReference; fileEncoding = 4; lastKnownFileType = sourcecode.c.objc; name = UndirectedGraph.m; path = "Classes/Chapter 4/UndirectedGraph.m"; sourceTree = "<group>"; };
		6112E5DB1B801F7A00758E1D /* Queue.h */ = {isa = PBXFileReference; fileEncoding = 4; lastKnownFileType = sourcecode.c.h; name = Queue.h; path = "Classes/Chapter 3/Queue.h"; sourceTree = "<group>"; };
		6112E5DC1B801F7A00758E1D /* Queue.m */ = {isa = PBXFileReference; fileEncoding = 4; lastKnownFileType = sourcecode.c.objc; name = Queue.m; path = "Classes/Chapter 3/Queue.m"; sourceTree = "<group>"; };
		6112E5DE1B8031DD00758E1D /* CCITreesAndGraphs.h */ = {isa = PBXFileReference; fileEncoding = 4; lastKnownFileType = sourcecode.c.h; name = CCITreesAndGraphs.h; path = "Classes/Chapter 4/CCITreesAndGraphs.h"; sourceTree = "<group>"; };
		6112E5DF1B8031DD00758E1D /* CCITreesAndGraphs.m */ = {isa = PBXFileReference; fileEncoding = 4; lastKnownFileType = sourcecode.c.objc; name = CCITreesAndGraphs.m; path = "Classes/Chapter 4/CCITreesAndGraphs.m"; sourceTree = "<group>"; };
		6112E5E11B81A8C300758E1D /* BinaryTree.h */ = {isa = PBXFileReference; fileEncoding = 4; lastKnownFileType = sourcecode.c.h; name = BinaryTree.h; path = "Classes/Chapter 4/BinaryTree.h"; sourceTree = "<group>"; };
		6112E5E21B81A8C300758E1D /* BinaryTree.m */ = {isa = PBXFileReference; fileEncoding = 4; lastKnownFileType = sourcecode.c.objc; name = BinaryTree.m; path = "Classes/Chapter 4/BinaryTree.m"; sourceTree = "<group>"; };
		611C2DD61B5E6C82000E9B19 /* CCILinkedLists.h */ = {isa = PBXFileReference; fileEncoding = 4; lastKnownFileType = sourcecode.c.h; name = CCILinkedLists.h; path = "Classes/Chapter 2/CCILinkedLists.h"; sourceTree = "<group>"; };
		611C2DD71B5E6C82000E9B19 /* CCILinkedLists.m */ = {isa = PBXFileReference; fileEncoding = 4; lastKnownFileType = sourcecode.c.objc; name = CCILinkedLists.m; path = "Classes/Chapter 2/CCILinkedLists.m"; sourceTree = "<group>"; };
		611C2DD91B5E6C95000E9B19 /* CCILinkedListsTests.swift */ = {isa = PBXFileReference; fileEncoding = 4; lastKnownFileType = sourcecode.swift; name = CCILinkedListsTests.swift; path = "Classes/Chapter 2/CCILinkedListsTests.swift"; sourceTree = "<group>"; };
		611C2DDC1B5E6FD2000E9B19 /* LinkedList.h */ = {isa = PBXFileReference; fileEncoding = 4; lastKnownFileType = sourcecode.c.h; name = LinkedList.h; path = "Classes/Chapter 2/LinkedList.h"; sourceTree = "<group>"; };
		611C2DDD1B5E6FD2000E9B19 /* LinkedList.m */ = {isa = PBXFileReference; fileEncoding = 4; lastKnownFileType = sourcecode.c.objc; name = LinkedList.m; path = "Classes/Chapter 2/LinkedList.m"; sourceTree = "<group>"; };
		611C2DE01B5E6FE9000E9B19 /* Node.h */ = {isa = PBXFileReference; fileEncoding = 4; lastKnownFileType = sourcecode.c.h; name = Node.h; path = "Classes/Chapter 2/Node.h"; sourceTree = "<group>"; };
		611C2DE11B5E6FE9000E9B19 /* Node.m */ = {isa = PBXFileReference; fileEncoding = 4; lastKnownFileType = sourcecode.c.objc; name = Node.m; path = "Classes/Chapter 2/Node.m"; sourceTree = "<group>"; };
		61D0AB0A1B7E80D2009481EE /* PetShelter.h */ = {isa = PBXFileReference; fileEncoding = 4; lastKnownFileType = sourcecode.c.h; name = PetShelter.h; path = "Classes/Chapter 3/PetShelter.h"; sourceTree = "<group>"; };
		61D0AB0B1B7E80D2009481EE /* PetShelter.m */ = {isa = PBXFileReference; fileEncoding = 4; lastKnownFileType = sourcecode.c.objc; name = PetShelter.m; path = "Classes/Chapter 3/PetShelter.m"; sourceTree = "<group>"; };
		61D0AB0D1B7E86A3009481EE /* Pet.h */ = {isa = PBXFileReference; fileEncoding = 4; lastKnownFileType = sourcecode.c.h; name = Pet.h; path = "Classes/Chapter 3/Pet.h"; sourceTree = "<group>"; };
		61D0AB0E1B7E86A3009481EE /* Pet.m */ = {isa = PBXFileReference; fileEncoding = 4; lastKnownFileType = sourcecode.c.objc; name = Pet.m; path = "Classes/Chapter 3/Pet.m"; sourceTree = "<group>"; };
		61D0AB131B7E86BC009481EE /* Dog.h */ = {isa = PBXFileReference; fileEncoding = 4; lastKnownFileType = sourcecode.c.h; name = Dog.h; path = "Classes/Chapter 3/Dog.h"; sourceTree = "<group>"; };
		61D0AB141B7E86BC009481EE /* Dog.m */ = {isa = PBXFileReference; fileEncoding = 4; lastKnownFileType = sourcecode.c.objc; name = Dog.m; path = "Classes/Chapter 3/Dog.m"; sourceTree = "<group>"; };
		61D0AB161B7E86C6009481EE /* Cat.h */ = {isa = PBXFileReference; fileEncoding = 4; lastKnownFileType = sourcecode.c.h; name = Cat.h; path = "Classes/Chapter 3/Cat.h"; sourceTree = "<group>"; };
		61D0AB171B7E86C6009481EE /* Cat.m */ = {isa = PBXFileReference; fileEncoding = 4; lastKnownFileType = sourcecode.c.objc; name = Cat.m; path = "Classes/Chapter 3/Cat.m"; sourceTree = "<group>"; };
		61D0AB1A1B7F34A2009481EE /* BinarySearchTree.h */ = {isa = PBXFileReference; fileEncoding = 4; lastKnownFileType = sourcecode.c.h; name = BinarySearchTree.h; path = "Classes/Chapter 4/BinarySearchTree.h"; sourceTree = "<group>"; };
		61D0AB1B1B7F34A2009481EE /* BinarySearchTree.m */ = {isa = PBXFileReference; fileEncoding = 4; lastKnownFileType = sourcecode.c.objc; name = BinarySearchTree.m; path = "Classes/Chapter 4/BinarySearchTree.m"; sourceTree = "<group>"; };
		61D0AB1D1B7F34B4009481EE /* BinaryTreeNode.h */ = {isa = PBXFileReference; fileEncoding = 4; lastKnownFileType = sourcecode.c.h; name = BinaryTreeNode.h; path = "Classes/Chapter 4/BinaryTreeNode.h"; sourceTree = "<group>"; };
		61D0AB1E1B7F34B4009481EE /* BinaryTreeNode.m */ = {isa = PBXFileReference; fileEncoding = 4; lastKnownFileType = sourcecode.c.objc; name = BinaryTreeNode.m; path = "Classes/Chapter 4/BinaryTreeNode.m"; sourceTree = "<group>"; };
		61F1A6621B4D4C7000242D95 /* Interview.app */ = {isa = PBXFileReference; explicitFileType = wrapper.application; includeInIndex = 0; path = Interview.app; sourceTree = BUILT_PRODUCTS_DIR; };
		61F1A6661B4D4C7000242D95 /* main.m */ = {isa = PBXFileReference; lastKnownFileType = sourcecode.c.objc; path = main.m; sourceTree = "<group>"; };
		61F1A6681B4D4C7000242D95 /* AppDelegate.h */ = {isa = PBXFileReference; lastKnownFileType = sourcecode.c.h; path = AppDelegate.h; sourceTree = "<group>"; };
		61F1A6691B4D4C7000242D95 /* AppDelegate.m */ = {isa = PBXFileReference; lastKnownFileType = sourcecode.c.objc; path = AppDelegate.m; sourceTree = "<group>"; };
		61F1A66B1B4D4C7000242D95 /* ViewController.h */ = {isa = PBXFileReference; lastKnownFileType = sourcecode.c.h; path = ViewController.h; sourceTree = "<group>"; };
		61F1A66C1B4D4C7000242D95 /* ViewController.m */ = {isa = PBXFileReference; lastKnownFileType = sourcecode.c.objc; path = ViewController.m; sourceTree = "<group>"; };
		61F1A66F1B4D4C7000242D95 /* Base */ = {isa = PBXFileReference; lastKnownFileType = file.storyboard; name = Base; path = Base.lproj/Main.storyboard; sourceTree = "<group>"; };
		61F1A6711B4D4C7000242D95 /* Assets.xcassets */ = {isa = PBXFileReference; lastKnownFileType = folder.assetcatalog; path = Assets.xcassets; sourceTree = "<group>"; };
		61F1A6741B4D4C7000242D95 /* Base */ = {isa = PBXFileReference; lastKnownFileType = file.storyboard; name = Base; path = Base.lproj/LaunchScreen.storyboard; sourceTree = "<group>"; };
		61F1A6761B4D4C7000242D95 /* Info.plist */ = {isa = PBXFileReference; lastKnownFileType = text.plist.xml; path = Info.plist; sourceTree = "<group>"; };
		61F1A67B1B4D4C7000242D95 /* InterviewTests.xctest */ = {isa = PBXFileReference; explicitFileType = wrapper.cfbundle; includeInIndex = 0; path = InterviewTests.xctest; sourceTree = BUILT_PRODUCTS_DIR; };
		61F1A67F1B4D4C7000242D95 /* InterviewTests.m */ = {isa = PBXFileReference; lastKnownFileType = sourcecode.c.objc; path = InterviewTests.m; sourceTree = "<group>"; };
		61F1A6811B4D4C7000242D95 /* Info.plist */ = {isa = PBXFileReference; lastKnownFileType = text.plist.xml; path = Info.plist; sourceTree = "<group>"; };
		61F1A6861B4D4C7000242D95 /* InterviewUITests.xctest */ = {isa = PBXFileReference; explicitFileType = wrapper.cfbundle; includeInIndex = 0; path = InterviewUITests.xctest; sourceTree = BUILT_PRODUCTS_DIR; };
		61F1A68A1B4D4C7000242D95 /* InterviewUITests.m */ = {isa = PBXFileReference; lastKnownFileType = sourcecode.c.objc; path = InterviewUITests.m; sourceTree = "<group>"; };
		61F1A68C1B4D4C7000242D95 /* Info.plist */ = {isa = PBXFileReference; lastKnownFileType = text.plist.xml; path = Info.plist; sourceTree = "<group>"; };
		61F1A6981B4D50CA00242D95 /* Interview-Bridging-Header.h */ = {isa = PBXFileReference; lastKnownFileType = sourcecode.c.h; path = "Interview-Bridging-Header.h"; sourceTree = "<group>"; };
		61F1A6991B4D50CB00242D95 /* TestFile.swift */ = {isa = PBXFileReference; fileEncoding = 4; lastKnownFileType = sourcecode.swift; path = TestFile.swift; sourceTree = "<group>"; };
		61F1A69B1B4D659500242D95 /* CCIArraysAndStrings.h */ = {isa = PBXFileReference; fileEncoding = 4; lastKnownFileType = sourcecode.c.h; name = CCIArraysAndStrings.h; path = "Classes/Chapter 1/CCIArraysAndStrings.h"; sourceTree = "<group>"; };
		61F1A69C1B4D659500242D95 /* CCIArraysAndStrings.m */ = {isa = PBXFileReference; fileEncoding = 4; lastKnownFileType = sourcecode.c.objc; name = CCIArraysAndStrings.m; path = "Classes/Chapter 1/CCIArraysAndStrings.m"; sourceTree = "<group>"; };
		61F1A69E1B4D65B500242D95 /* InterviewTests-Bridging-Header.h */ = {isa = PBXFileReference; lastKnownFileType = sourcecode.c.h; path = "InterviewTests-Bridging-Header.h"; sourceTree = "<group>"; };
		61F1A69F1B4D65B500242D95 /* CCIArraysAndStringsTests.swift */ = {isa = PBXFileReference; fileEncoding = 4; lastKnownFileType = sourcecode.swift; name = CCIArraysAndStringsTests.swift; path = "Classes/Chapter 1/CCIArraysAndStringsTests.swift"; sourceTree = "<group>"; };
		61FAF9E31B7DB91900E0A4FE /* DoublyLinkedList.h */ = {isa = PBXFileReference; fileEncoding = 4; lastKnownFileType = sourcecode.c.h; name = DoublyLinkedList.h; path = "Classes/Chapter 3/DoublyLinkedList.h"; sourceTree = "<group>"; };
		61FAF9E41B7DB91900E0A4FE /* DoublyLinkedList.m */ = {isa = PBXFileReference; fileEncoding = 4; lastKnownFileType = sourcecode.c.objc; name = DoublyLinkedList.m; path = "Classes/Chapter 3/DoublyLinkedList.m"; sourceTree = "<group>"; };
		61FAF9E91B7DBB0500E0A4FE /* CCIStacksAndQueues.h */ = {isa = PBXFileReference; fileEncoding = 4; lastKnownFileType = sourcecode.c.h; name = CCIStacksAndQueues.h; path = "Classes/Chapter 3/CCIStacksAndQueues.h"; sourceTree = "<group>"; };
		61FAF9EA1B7DBB0500E0A4FE /* CCIStacksAndQueues.m */ = {isa = PBXFileReference; fileEncoding = 4; lastKnownFileType = sourcecode.c.objc; name = CCIStacksAndQueues.m; path = "Classes/Chapter 3/CCIStacksAndQueues.m"; sourceTree = "<group>"; };
		61FAF9EC1B7DBB2300E0A4FE /* CCIStacksAndQueuesTests.swift */ = {isa = PBXFileReference; fileEncoding = 4; lastKnownFileType = sourcecode.swift; name = CCIStacksAndQueuesTests.swift; path = "Classes/Chapter 3/CCIStacksAndQueuesTests.swift"; sourceTree = "<group>"; };
		61FAF9EF1B7DBEA600E0A4FE /* DoublyLinkedNode.h */ = {isa = PBXFileReference; fileEncoding = 4; lastKnownFileType = sourcecode.c.h; name = DoublyLinkedNode.h; path = "Classes/Chapter 3/DoublyLinkedNode.h"; sourceTree = "<group>"; };
		61FAF9F01B7DBEA600E0A4FE /* DoublyLinkedNode.m */ = {isa = PBXFileReference; fileEncoding = 4; lastKnownFileType = sourcecode.c.objc; name = DoublyLinkedNode.m; path = "Classes/Chapter 3/DoublyLinkedNode.m"; sourceTree = "<group>"; };
		61FF13E51B7DC42C000A3A5C /* Stack.h */ = {isa = PBXFileReference; fileEncoding = 4; lastKnownFileType = sourcecode.c.h; name = Stack.h; path = "Classes/Chapter 3/Stack.h"; sourceTree = "<group>"; };
		61FF13E61B7DC42C000A3A5C /* Stack.m */ = {isa = PBXFileReference; fileEncoding = 4; lastKnownFileType = sourcecode.c.objc; name = Stack.m; path = "Classes/Chapter 3/Stack.m"; sourceTree = "<group>"; };
		61FF13EE1B7DC9A6000A3A5C /* TwoStackQueue.h */ = {isa = PBXFileReference; fileEncoding = 4; lastKnownFileType = sourcecode.c.h; name = TwoStackQueue.h; path = "Classes/Chapter 3/TwoStackQueue.h"; sourceTree = "<group>"; };
		61FF13EF1B7DC9A6000A3A5C /* TwoStackQueue.m */ = {isa = PBXFileReference; fileEncoding = 4; lastKnownFileType = sourcecode.c.objc; name = TwoStackQueue.m; path = "Classes/Chapter 3/TwoStackQueue.m"; sourceTree = "<group>"; };
/* End PBXFileReference section */

/* Begin PBXFrameworksBuildPhase section */
		61F1A65F1B4D4C7000242D95 /* Frameworks */ = {
			isa = PBXFrameworksBuildPhase;
			buildActionMask = 2147483647;
			files = (
			);
			runOnlyForDeploymentPostprocessing = 0;
		};
		61F1A6781B4D4C7000242D95 /* Frameworks */ = {
			isa = PBXFrameworksBuildPhase;
			buildActionMask = 2147483647;
			files = (
			);
			runOnlyForDeploymentPostprocessing = 0;
		};
		61F1A6831B4D4C7000242D95 /* Frameworks */ = {
			isa = PBXFrameworksBuildPhase;
			buildActionMask = 2147483647;
			files = (
			);
			runOnlyForDeploymentPostprocessing = 0;
		};
/* End PBXFrameworksBuildPhase section */

/* Begin PBXGroup section */
		6112E5CF1B7F716100758E1D /* Binary Trees */ = {
			isa = PBXGroup;
			children = (
				6112E5E41B81A8C900758E1D /* Binary Tree */,
				6112E5E51B81A8D200758E1D /* Binary Search Tree */,
				61D0AB1D1B7F34B4009481EE /* BinaryTreeNode.h */,
				61D0AB1E1B7F34B4009481EE /* BinaryTreeNode.m */,
			);
			name = "Binary Trees";
			sourceTree = "<group>";
		};
		6112E5D01B7F716900758E1D /* Graph */ = {
			isa = PBXGroup;
			children = (
				6112E5D11B7F7A2600758E1D /* Vertex.h */,
				6112E5D21B7F7A2600758E1D /* Vertex.m */,
				6112E5D41B7F7A7C00758E1D /* UndirectedGraph.h */,
				6112E5D51B7F7A7C00758E1D /* UndirectedGraph.m */,
			);
			name = Graph;
			sourceTree = "<group>";
		};
		6112E5D71B801F4E00758E1D /* Queue */ = {
			isa = PBXGroup;
			children = (
				6112E5DB1B801F7A00758E1D /* Queue.h */,
				6112E5DC1B801F7A00758E1D /* Queue.m */,
			);
			name = Queue;
			sourceTree = "<group>";
		};
		6112E5E41B81A8C900758E1D /* Binary Tree */ = {
			isa = PBXGroup;
			children = (
				6112E5E11B81A8C300758E1D /* BinaryTree.h */,
				6112E5E21B81A8C300758E1D /* BinaryTree.m */,
			);
			name = "Binary Tree";
			sourceTree = "<group>";
		};
		6112E5E51B81A8D200758E1D /* Binary Search Tree */ = {
			isa = PBXGroup;
			children = (
				61D0AB1A1B7F34A2009481EE /* BinarySearchTree.h */,
				61D0AB1B1B7F34A2009481EE /* BinarySearchTree.m */,
			);
			name = "Binary Search Tree";
			sourceTree = "<group>";
		};
		611C2DD51B5E6C5F000E9B19 /* Chapter 2: Linked Lists */ = {
			isa = PBXGroup;
			children = (
				611C2DD61B5E6C82000E9B19 /* CCILinkedLists.h */,
				611C2DD71B5E6C82000E9B19 /* CCILinkedLists.m */,
				611C2DD91B5E6C95000E9B19 /* CCILinkedListsTests.swift */,
			);
			name = "Chapter 2: Linked Lists";
			sourceTree = "<group>";
		};
		611C2DDF1B5E6FDA000E9B19 /* Data Structures */ = {
			isa = PBXGroup;
			children = (
				6112E5D01B7F716900758E1D /* Graph */,
				6112E5CF1B7F716100758E1D /* Binary Trees */,
				61FAF9E71B7DB92A00E0A4FE /* Linked Lists */,
				61FF13E81B7DC432000A3A5C /* Stacks and Queues */,
			);
			name = "Data Structures";
			sourceTree = "<group>";
		};
		61D0AB091B7E80AD009481EE /* Pet Shelter */ = {
			isa = PBXGroup;
			children = (
				61D0AB0A1B7E80D2009481EE /* PetShelter.h */,
				61D0AB0B1B7E80D2009481EE /* PetShelter.m */,
				61D0AB0D1B7E86A3009481EE /* Pet.h */,
				61D0AB0E1B7E86A3009481EE /* Pet.m */,
				61D0AB131B7E86BC009481EE /* Dog.h */,
				61D0AB141B7E86BC009481EE /* Dog.m */,
				61D0AB161B7E86C6009481EE /* Cat.h */,
				61D0AB171B7E86C6009481EE /* Cat.m */,
			);
			name = "Pet Shelter";
			sourceTree = "<group>";
		};
		61D0AB191B7F3478009481EE /* Chapter 4: Trees and Graphs */ = {
			isa = PBXGroup;
			children = (
				6112E5DE1B8031DD00758E1D /* CCITreesAndGraphs.h */,
				6112E5DF1B8031DD00758E1D /* CCITreesAndGraphs.m */,
				6112E5CC1B7F3A9200758E1D /* CCITreesAndGraphsTests.swift */,
			);
			name = "Chapter 4: Trees and Graphs";
			sourceTree = "<group>";
		};
		61F1A6591B4D4C7000242D95 = {
			isa = PBXGroup;
			children = (
				61F1A6641B4D4C7000242D95 /* Interview */,
				61F1A67E1B4D4C7000242D95 /* InterviewTests */,
				61F1A6891B4D4C7000242D95 /* InterviewUITests */,
				61F1A6631B4D4C7000242D95 /* Products */,
			);
			sourceTree = "<group>";
		};
		61F1A6631B4D4C7000242D95 /* Products */ = {
			isa = PBXGroup;
			children = (
				61F1A6621B4D4C7000242D95 /* Interview.app */,
				61F1A67B1B4D4C7000242D95 /* InterviewTests.xctest */,
				61F1A6861B4D4C7000242D95 /* InterviewUITests.xctest */,
			);
			name = Products;
			sourceTree = "<group>";
		};
		61F1A6641B4D4C7000242D95 /* Interview */ = {
			isa = PBXGroup;
			children = (
				61F1A6A21B4D66F200242D95 /* Classes */,
				61F1A6681B4D4C7000242D95 /* AppDelegate.h */,
				61F1A6691B4D4C7000242D95 /* AppDelegate.m */,
				61F1A66B1B4D4C7000242D95 /* ViewController.h */,
				61F1A66C1B4D4C7000242D95 /* ViewController.m */,
				61F1A6991B4D50CB00242D95 /* TestFile.swift */,
				61F1A66E1B4D4C7000242D95 /* Main.storyboard */,
				61F1A6711B4D4C7000242D95 /* Assets.xcassets */,
				61F1A6731B4D4C7000242D95 /* LaunchScreen.storyboard */,
				61F1A6761B4D4C7000242D95 /* Info.plist */,
				61F1A6651B4D4C7000242D95 /* Supporting Files */,
				61F1A6981B4D50CA00242D95 /* Interview-Bridging-Header.h */,
				61F1A69E1B4D65B500242D95 /* InterviewTests-Bridging-Header.h */,
			);
			path = Interview;
			sourceTree = "<group>";
		};
		61F1A6651B4D4C7000242D95 /* Supporting Files */ = {
			isa = PBXGroup;
			children = (
				61F1A6661B4D4C7000242D95 /* main.m */,
			);
			name = "Supporting Files";
			sourceTree = "<group>";
		};
		61F1A67E1B4D4C7000242D95 /* InterviewTests */ = {
			isa = PBXGroup;
			children = (
				61F1A67F1B4D4C7000242D95 /* InterviewTests.m */,
				61F1A6811B4D4C7000242D95 /* Info.plist */,
			);
			path = InterviewTests;
			sourceTree = "<group>";
		};
		61F1A6891B4D4C7000242D95 /* InterviewUITests */ = {
			isa = PBXGroup;
			children = (
				61F1A68A1B4D4C7000242D95 /* InterviewUITests.m */,
				61F1A68C1B4D4C7000242D95 /* Info.plist */,
			);
			path = InterviewUITests;
			sourceTree = "<group>";
		};
		61F1A6A11B4D66E700242D95 /* Chapter 1: Arrays and Strings */ = {
			isa = PBXGroup;
			children = (
				61F1A69B1B4D659500242D95 /* CCIArraysAndStrings.h */,
				61F1A69C1B4D659500242D95 /* CCIArraysAndStrings.m */,
				61F1A69F1B4D65B500242D95 /* CCIArraysAndStringsTests.swift */,
			);
			name = "Chapter 1: Arrays and Strings";
			sourceTree = "<group>";
		};
		61F1A6A21B4D66F200242D95 /* Classes */ = {
			isa = PBXGroup;
			children = (
				611C2DDF1B5E6FDA000E9B19 /* Data Structures */,
				61F1A6A11B4D66E700242D95 /* Chapter 1: Arrays and Strings */,
				611C2DD51B5E6C5F000E9B19 /* Chapter 2: Linked Lists */,
				61FAF9E81B7DBAEA00E0A4FE /* Chapter 3: Stacks and Queues */,
				61D0AB191B7F3478009481EE /* Chapter 4: Trees and Graphs */,
			);
			name = Classes;
			sourceTree = "<group>";
		};
		61FAF9E61B7DB92000E0A4FE /* Doubly Linked List */ = {
			isa = PBXGroup;
			children = (
				61FAF9E31B7DB91900E0A4FE /* DoublyLinkedList.h */,
				61FAF9E41B7DB91900E0A4FE /* DoublyLinkedList.m */,
			);
			name = "Doubly Linked List";
			sourceTree = "<group>";
		};
		61FAF9E71B7DB92A00E0A4FE /* Linked Lists */ = {
			isa = PBXGroup;
			children = (
				61FF13E91B7DC45D000A3A5C /* Nodes */,
				61FF13EC1B7DC48B000A3A5C /* Singly Linked List */,
				61FAF9E61B7DB92000E0A4FE /* Doubly Linked List */,
			);
			name = "Linked Lists";
			sourceTree = "<group>";
		};
		61FAF9E81B7DBAEA00E0A4FE /* Chapter 3: Stacks and Queues */ = {
			isa = PBXGroup;
			children = (
				61D0AB091B7E80AD009481EE /* Pet Shelter */,
				61FAF9E91B7DBB0500E0A4FE /* CCIStacksAndQueues.h */,
				61FAF9EA1B7DBB0500E0A4FE /* CCIStacksAndQueues.m */,
				61FAF9EC1B7DBB2300E0A4FE /* CCIStacksAndQueuesTests.swift */,
			);
			name = "Chapter 3: Stacks and Queues";
			sourceTree = "<group>";
		};
		61FF13E81B7DC432000A3A5C /* Stacks and Queues */ = {
			isa = PBXGroup;
			children = (
				6112E5D71B801F4E00758E1D /* Queue */,
				61FF13ED1B7DC4AF000A3A5C /* Stack */,
				61FF13F11B7DC9A9000A3A5C /* Two-Stack Queue */,
			);
			name = "Stacks and Queues";
			sourceTree = "<group>";
		};
		61FF13E91B7DC45D000A3A5C /* Nodes */ = {
			isa = PBXGroup;
			children = (
				61FF13EA1B7DC47B000A3A5C /* Singly Linked Node */,
				61FF13EB1B7DC482000A3A5C /* Doubly Linked Node */,
			);
			name = Nodes;
			sourceTree = "<group>";
		};
		61FF13EA1B7DC47B000A3A5C /* Singly Linked Node */ = {
			isa = PBXGroup;
			children = (
				611C2DE01B5E6FE9000E9B19 /* Node.h */,
				611C2DE11B5E6FE9000E9B19 /* Node.m */,
			);
			name = "Singly Linked Node";
			sourceTree = "<group>";
		};
		61FF13EB1B7DC482000A3A5C /* Doubly Linked Node */ = {
			isa = PBXGroup;
			children = (
				61FAF9EF1B7DBEA600E0A4FE /* DoublyLinkedNode.h */,
				61FAF9F01B7DBEA600E0A4FE /* DoublyLinkedNode.m */,
			);
			name = "Doubly Linked Node";
			sourceTree = "<group>";
		};
		61FF13EC1B7DC48B000A3A5C /* Singly Linked List */ = {
			isa = PBXGroup;
			children = (
				611C2DDC1B5E6FD2000E9B19 /* LinkedList.h */,
				611C2DDD1B5E6FD2000E9B19 /* LinkedList.m */,
			);
			name = "Singly Linked List";
			sourceTree = "<group>";
		};
		61FF13ED1B7DC4AF000A3A5C /* Stack */ = {
			isa = PBXGroup;
			children = (
				61FF13E51B7DC42C000A3A5C /* Stack.h */,
				61FF13E61B7DC42C000A3A5C /* Stack.m */,
			);
			name = Stack;
			sourceTree = "<group>";
		};
		61FF13F11B7DC9A9000A3A5C /* Two-Stack Queue */ = {
			isa = PBXGroup;
			children = (
				61FF13EE1B7DC9A6000A3A5C /* TwoStackQueue.h */,
				61FF13EF1B7DC9A6000A3A5C /* TwoStackQueue.m */,
			);
			name = "Two-Stack Queue";
			sourceTree = "<group>";
		};
/* End PBXGroup section */

/* Begin PBXNativeTarget section */
		61F1A6611B4D4C7000242D95 /* Interview */ = {
			isa = PBXNativeTarget;
			buildConfigurationList = 61F1A68F1B4D4C7000242D95 /* Build configuration list for PBXNativeTarget "Interview" */;
			buildPhases = (
				61F1A65E1B4D4C7000242D95 /* Sources */,
				61F1A65F1B4D4C7000242D95 /* Frameworks */,
				61F1A6601B4D4C7000242D95 /* Resources */,
			);
			buildRules = (
			);
			dependencies = (
			);
			name = Interview;
			productName = Interview;
			productReference = 61F1A6621B4D4C7000242D95 /* Interview.app */;
			productType = "com.apple.product-type.application";
		};
		61F1A67A1B4D4C7000242D95 /* InterviewTests */ = {
			isa = PBXNativeTarget;
			buildConfigurationList = 61F1A6921B4D4C7000242D95 /* Build configuration list for PBXNativeTarget "InterviewTests" */;
			buildPhases = (
				61F1A6771B4D4C7000242D95 /* Sources */,
				61F1A6781B4D4C7000242D95 /* Frameworks */,
				61F1A6791B4D4C7000242D95 /* Resources */,
			);
			buildRules = (
			);
			dependencies = (
				61F1A67D1B4D4C7000242D95 /* PBXTargetDependency */,
			);
			name = InterviewTests;
			productName = InterviewTests;
			productReference = 61F1A67B1B4D4C7000242D95 /* InterviewTests.xctest */;
			productType = "com.apple.product-type.bundle.unit-test";
		};
		61F1A6851B4D4C7000242D95 /* InterviewUITests */ = {
			isa = PBXNativeTarget;
			buildConfigurationList = 61F1A6951B4D4C7000242D95 /* Build configuration list for PBXNativeTarget "InterviewUITests" */;
			buildPhases = (
				61F1A6821B4D4C7000242D95 /* Sources */,
				61F1A6831B4D4C7000242D95 /* Frameworks */,
				61F1A6841B4D4C7000242D95 /* Resources */,
			);
			buildRules = (
			);
			dependencies = (
				61F1A6881B4D4C7000242D95 /* PBXTargetDependency */,
			);
			name = InterviewUITests;
			productName = InterviewUITests;
			productReference = 61F1A6861B4D4C7000242D95 /* InterviewUITests.xctest */;
			productType = "com.apple.product-type.bundle.ui-testing";
		};
/* End PBXNativeTarget section */

/* Begin PBXProject section */
		61F1A65A1B4D4C7000242D95 /* Project object */ = {
			isa = PBXProject;
			attributes = {
				LastSwiftUpdateCheck = 0700;
				LastUpgradeCheck = 0700;
				ORGANIZATIONNAME = "Shawn Webster";
				TargetAttributes = {
					61F1A6611B4D4C7000242D95 = {
						CreatedOnToolsVersion = 7.0;
					};
					61F1A67A1B4D4C7000242D95 = {
						CreatedOnToolsVersion = 7.0;
						TestTargetID = 61F1A6611B4D4C7000242D95;
					};
					61F1A6851B4D4C7000242D95 = {
						CreatedOnToolsVersion = 7.0;
						TestTargetID = 61F1A6611B4D4C7000242D95;
					};
				};
			};
			buildConfigurationList = 61F1A65D1B4D4C7000242D95 /* Build configuration list for PBXProject "Interview" */;
			compatibilityVersion = "Xcode 3.2";
			developmentRegion = English;
			hasScannedForEncodings = 0;
			knownRegions = (
				en,
				Base,
			);
			mainGroup = 61F1A6591B4D4C7000242D95;
			productRefGroup = 61F1A6631B4D4C7000242D95 /* Products */;
			projectDirPath = "";
			projectRoot = "";
			targets = (
				61F1A6611B4D4C7000242D95 /* Interview */,
				61F1A67A1B4D4C7000242D95 /* InterviewTests */,
				61F1A6851B4D4C7000242D95 /* InterviewUITests */,
			);
		};
/* End PBXProject section */

/* Begin PBXResourcesBuildPhase section */
		61F1A6601B4D4C7000242D95 /* Resources */ = {
			isa = PBXResourcesBuildPhase;
			buildActionMask = 2147483647;
			files = (
				61F1A6751B4D4C7000242D95 /* LaunchScreen.storyboard in Resources */,
				61F1A6721B4D4C7000242D95 /* Assets.xcassets in Resources */,
				61F1A6701B4D4C7000242D95 /* Main.storyboard in Resources */,
			);
			runOnlyForDeploymentPostprocessing = 0;
		};
		61F1A6791B4D4C7000242D95 /* Resources */ = {
			isa = PBXResourcesBuildPhase;
			buildActionMask = 2147483647;
			files = (
			);
			runOnlyForDeploymentPostprocessing = 0;
		};
		61F1A6841B4D4C7000242D95 /* Resources */ = {
			isa = PBXResourcesBuildPhase;
			buildActionMask = 2147483647;
			files = (
			);
			runOnlyForDeploymentPostprocessing = 0;
		};
/* End PBXResourcesBuildPhase section */

/* Begin PBXSourcesBuildPhase section */
		61F1A65E1B4D4C7000242D95 /* Sources */ = {
			isa = PBXSourcesBuildPhase;
			buildActionMask = 2147483647;
			files = (
				6112E5D61B7F7A7C00758E1D /* UndirectedGraph.m in Sources */,
				61FF13E71B7DC42C000A3A5C /* Stack.m in Sources */,
				61FF13F01B7DC9A6000A3A5C /* TwoStackQueue.m in Sources */,
				61F1A66D1B4D4C7000242D95 /* ViewController.m in Sources */,
				6112E5E31B81A8C300758E1D /* BinaryTree.m in Sources */,
				611C2DDE1B5E6FD2000E9B19 /* LinkedList.m in Sources */,
				6112E5DD1B801F7A00758E1D /* Queue.m in Sources */,
				61D0AB1F1B7F34B4009481EE /* BinaryTreeNode.m in Sources */,
				61F1A69D1B4D659500242D95 /* CCIArraysAndStrings.m in Sources */,
				61F1A66A1B4D4C7000242D95 /* AppDelegate.m in Sources */,
				61D0AB181B7E86C6009481EE /* Cat.m in Sources */,
				61F1A6671B4D4C7000242D95 /* main.m in Sources */,
				611C2DD81B5E6C82000E9B19 /* CCILinkedLists.m in Sources */,
				61F1A69A1B4D50CB00242D95 /* TestFile.swift in Sources */,
				61D0AB1C1B7F34A2009481EE /* BinarySearchTree.m in Sources */,
				61D0AB0F1B7E86A3009481EE /* Pet.m in Sources */,
				6112E5E01B8031DD00758E1D /* CCITreesAndGraphs.m in Sources */,
				61D0AB151B7E86BC009481EE /* Dog.m in Sources */,
				61FAF9E51B7DB91900E0A4FE /* DoublyLinkedList.m in Sources */,
				61FAF9F11B7DBEA600E0A4FE /* DoublyLinkedNode.m in Sources */,
				61FAF9EB1B7DBB0500E0A4FE /* CCIStacksAndQueues.m in Sources */,
				6112E5D31B7F7A2600758E1D /* Vertex.m in Sources */,
				611C2DE21B5E6FE9000E9B19 /* Node.m in Sources */,
				61D0AB0C1B7E80D2009481EE /* PetShelter.m in Sources */,
			);
			runOnlyForDeploymentPostprocessing = 0;
		};
		61F1A6771B4D4C7000242D95 /* Sources */ = {
			isa = PBXSourcesBuildPhase;
			buildActionMask = 2147483647;
			files = (
				61F1A6A01B4D65B500242D95 /* CCIArraysAndStringsTests.swift in Sources */,
				61F1A6801B4D4C7000242D95 /* InterviewTests.m in Sources */,
				61FAF9ED1B7DBB2300E0A4FE /* CCIStacksAndQueuesTests.swift in Sources */,
				6112E5CE1B7F3A9500758E1D /* CCITreesAndGraphsTests.swift in Sources */,
				611C2DDB1B5E6CC4000E9B19 /* CCILinkedListsTests.swift in Sources */,
			);
			runOnlyForDeploymentPostprocessing = 0;
		};
		61F1A6821B4D4C7000242D95 /* Sources */ = {
			isa = PBXSourcesBuildPhase;
			buildActionMask = 2147483647;
			files = (
				61F1A68B1B4D4C7000242D95 /* InterviewUITests.m in Sources */,
			);
			runOnlyForDeploymentPostprocessing = 0;
		};
/* End PBXSourcesBuildPhase section */

/* Begin PBXTargetDependency section */
		61F1A67D1B4D4C7000242D95 /* PBXTargetDependency */ = {
			isa = PBXTargetDependency;
			target = 61F1A6611B4D4C7000242D95 /* Interview */;
			targetProxy = 61F1A67C1B4D4C7000242D95 /* PBXContainerItemProxy */;
		};
		61F1A6881B4D4C7000242D95 /* PBXTargetDependency */ = {
			isa = PBXTargetDependency;
			target = 61F1A6611B4D4C7000242D95 /* Interview */;
			targetProxy = 61F1A6871B4D4C7000242D95 /* PBXContainerItemProxy */;
		};
/* End PBXTargetDependency section */

/* Begin PBXVariantGroup section */
		61F1A66E1B4D4C7000242D95 /* Main.storyboard */ = {
			isa = PBXVariantGroup;
			children = (
				61F1A66F1B4D4C7000242D95 /* Base */,
			);
			name = Main.storyboard;
			sourceTree = "<group>";
		};
		61F1A6731B4D4C7000242D95 /* LaunchScreen.storyboard */ = {
			isa = PBXVariantGroup;
			children = (
				61F1A6741B4D4C7000242D95 /* Base */,
			);
			name = LaunchScreen.storyboard;
			sourceTree = "<group>";
		};
/* End PBXVariantGroup section */

/* Begin XCBuildConfiguration section */
		61F1A68D1B4D4C7000242D95 /* Debug */ = {
			isa = XCBuildConfiguration;
			buildSettings = {
				ALWAYS_SEARCH_USER_PATHS = NO;
				CLANG_CXX_LANGUAGE_STANDARD = "gnu++0x";
				CLANG_CXX_LIBRARY = "libc++";
				CLANG_ENABLE_MODULES = YES;
				CLANG_ENABLE_OBJC_ARC = YES;
				CLANG_WARN_BOOL_CONVERSION = YES;
				CLANG_WARN_CONSTANT_CONVERSION = YES;
				CLANG_WARN_DIRECT_OBJC_ISA_USAGE = YES_ERROR;
				CLANG_WARN_EMPTY_BODY = YES;
				CLANG_WARN_ENUM_CONVERSION = YES;
				CLANG_WARN_INT_CONVERSION = YES;
				CLANG_WARN_OBJC_ROOT_CLASS = YES_ERROR;
				CLANG_WARN_UNREACHABLE_CODE = YES;
				CLANG_WARN__DUPLICATE_METHOD_MATCH = YES;
				"CODE_SIGN_IDENTITY[sdk=iphoneos*]" = "iPhone Developer";
				COPY_PHASE_STRIP = NO;
				DEBUG_INFORMATION_FORMAT = dwarf;
				ENABLE_STRICT_OBJC_MSGSEND = YES;
				ENABLE_TESTABILITY = YES;
				GCC_C_LANGUAGE_STANDARD = gnu99;
				GCC_DYNAMIC_NO_PIC = NO;
				GCC_NO_COMMON_BLOCKS = YES;
				GCC_OPTIMIZATION_LEVEL = 0;
				GCC_PREPROCESSOR_DEFINITIONS = (
					"DEBUG=1",
					"$(inherited)",
				);
				GCC_WARN_64_TO_32_BIT_CONVERSION = YES;
				GCC_WARN_ABOUT_RETURN_TYPE = YES_ERROR;
				GCC_WARN_UNDECLARED_SELECTOR = YES;
				GCC_WARN_UNINITIALIZED_AUTOS = YES_AGGRESSIVE;
				GCC_WARN_UNUSED_FUNCTION = YES;
				GCC_WARN_UNUSED_VARIABLE = YES;
				IPHONEOS_DEPLOYMENT_TARGET = 9.0;
				MTL_ENABLE_DEBUG_INFO = YES;
				ONLY_ACTIVE_ARCH = YES;
				SDKROOT = iphoneos;
			};
			name = Debug;
		};
		61F1A68E1B4D4C7000242D95 /* Release */ = {
			isa = XCBuildConfiguration;
			buildSettings = {
				ALWAYS_SEARCH_USER_PATHS = NO;
				CLANG_CXX_LANGUAGE_STANDARD = "gnu++0x";
				CLANG_CXX_LIBRARY = "libc++";
				CLANG_ENABLE_MODULES = YES;
				CLANG_ENABLE_OBJC_ARC = YES;
				CLANG_WARN_BOOL_CONVERSION = YES;
				CLANG_WARN_CONSTANT_CONVERSION = YES;
				CLANG_WARN_DIRECT_OBJC_ISA_USAGE = YES_ERROR;
				CLANG_WARN_EMPTY_BODY = YES;
				CLANG_WARN_ENUM_CONVERSION = YES;
				CLANG_WARN_INT_CONVERSION = YES;
				CLANG_WARN_OBJC_ROOT_CLASS = YES_ERROR;
				CLANG_WARN_UNREACHABLE_CODE = YES;
				CLANG_WARN__DUPLICATE_METHOD_MATCH = YES;
				"CODE_SIGN_IDENTITY[sdk=iphoneos*]" = "iPhone Developer";
				COPY_PHASE_STRIP = NO;
				DEBUG_INFORMATION_FORMAT = "dwarf-with-dsym";
				ENABLE_NS_ASSERTIONS = NO;
				ENABLE_STRICT_OBJC_MSGSEND = YES;
				GCC_C_LANGUAGE_STANDARD = gnu99;
				GCC_NO_COMMON_BLOCKS = YES;
				GCC_WARN_64_TO_32_BIT_CONVERSION = YES;
				GCC_WARN_ABOUT_RETURN_TYPE = YES_ERROR;
				GCC_WARN_UNDECLARED_SELECTOR = YES;
				GCC_WARN_UNINITIALIZED_AUTOS = YES_AGGRESSIVE;
				GCC_WARN_UNUSED_FUNCTION = YES;
				GCC_WARN_UNUSED_VARIABLE = YES;
				IPHONEOS_DEPLOYMENT_TARGET = 9.0;
				MTL_ENABLE_DEBUG_INFO = NO;
				SDKROOT = iphoneos;
				VALIDATE_PRODUCT = YES;
			};
			name = Release;
		};
		61F1A6901B4D4C7000242D95 /* Debug */ = {
			isa = XCBuildConfiguration;
			buildSettings = {
				ASSETCATALOG_COMPILER_APPICON_NAME = AppIcon;
				CLANG_ENABLE_MODULES = YES;
				INFOPLIST_FILE = Interview/Info.plist;
				LD_RUNPATH_SEARCH_PATHS = "$(inherited) @executable_path/Frameworks";
				PRODUCT_BUNDLE_IDENTIFIER = com.shawnwebster.Interview;
				PRODUCT_NAME = "$(TARGET_NAME)";
				SWIFT_OBJC_BRIDGING_HEADER = "Interview/Interview-Bridging-Header.h";
				SWIFT_OPTIMIZATION_LEVEL = "-Onone";
			};
			name = Debug;
		};
		61F1A6911B4D4C7000242D95 /* Release */ = {
			isa = XCBuildConfiguration;
			buildSettings = {
				ASSETCATALOG_COMPILER_APPICON_NAME = AppIcon;
				CLANG_ENABLE_MODULES = YES;
				INFOPLIST_FILE = Interview/Info.plist;
				LD_RUNPATH_SEARCH_PATHS = "$(inherited) @executable_path/Frameworks";
				PRODUCT_BUNDLE_IDENTIFIER = com.shawnwebster.Interview;
				PRODUCT_NAME = "$(TARGET_NAME)";
				SWIFT_OBJC_BRIDGING_HEADER = "Interview/Interview-Bridging-Header.h";
			};
			name = Release;
		};
		61F1A6931B4D4C7000242D95 /* Debug */ = {
			isa = XCBuildConfiguration;
			buildSettings = {
				BUNDLE_LOADER = "$(TEST_HOST)";
				CLANG_ENABLE_MODULES = YES;
				INFOPLIST_FILE = InterviewTests/Info.plist;
				LD_RUNPATH_SEARCH_PATHS = "$(inherited) @executable_path/Frameworks @loader_path/Frameworks";
				PRODUCT_BUNDLE_IDENTIFIER = com.shawnwebster.InterviewTests;
				PRODUCT_NAME = "$(TARGET_NAME)";
				SWIFT_OBJC_BRIDGING_HEADER = "Interview/InterviewTests-Bridging-Header.h";
				SWIFT_OPTIMIZATION_LEVEL = "-Onone";
				TEST_HOST = "$(BUILT_PRODUCTS_DIR)/Interview.app/Interview";
			};
			name = Debug;
		};
		61F1A6941B4D4C7000242D95 /* Release */ = {
			isa = XCBuildConfiguration;
			buildSettings = {
				BUNDLE_LOADER = "$(TEST_HOST)";
				CLANG_ENABLE_MODULES = YES;
				INFOPLIST_FILE = InterviewTests/Info.plist;
				LD_RUNPATH_SEARCH_PATHS = "$(inherited) @executable_path/Frameworks @loader_path/Frameworks";
				PRODUCT_BUNDLE_IDENTIFIER = com.shawnwebster.InterviewTests;
				PRODUCT_NAME = "$(TARGET_NAME)";
				SWIFT_OBJC_BRIDGING_HEADER = "Interview/InterviewTests-Bridging-Header.h";
				TEST_HOST = "$(BUILT_PRODUCTS_DIR)/Interview.app/Interview";
			};
			name = Release;
		};
		61F1A6961B4D4C7000242D95 /* Debug */ = {
			isa = XCBuildConfiguration;
			buildSettings = {
				INFOPLIST_FILE = InterviewUITests/Info.plist;
				LD_RUNPATH_SEARCH_PATHS = "$(inherited) @executable_path/Frameworks @loader_path/Frameworks";
				PRODUCT_BUNDLE_IDENTIFIER = com.shawnwebster.InterviewUITests;
				PRODUCT_NAME = "$(TARGET_NAME)";
				TEST_TARGET_NAME = Interview;
				USES_XCTRUNNER = YES;
			};
			name = Debug;
		};
		61F1A6971B4D4C7000242D95 /* Release */ = {
			isa = XCBuildConfiguration;
			buildSettings = {
				INFOPLIST_FILE = InterviewUITests/Info.plist;
				LD_RUNPATH_SEARCH_PATHS = "$(inherited) @executable_path/Frameworks @loader_path/Frameworks";
				PRODUCT_BUNDLE_IDENTIFIER = com.shawnwebster.InterviewUITests;
				PRODUCT_NAME = "$(TARGET_NAME)";
				TEST_TARGET_NAME = Interview;
				USES_XCTRUNNER = YES;
			};
			name = Release;
		};
/* End XCBuildConfiguration section */

/* Begin XCConfigurationList section */
		61F1A65D1B4D4C7000242D95 /* Build configuration list for PBXProject "Interview" */ = {
			isa = XCConfigurationList;
			buildConfigurations = (
				61F1A68D1B4D4C7000242D95 /* Debug */,
				61F1A68E1B4D4C7000242D95 /* Release */,
			);
			defaultConfigurationIsVisible = 0;
			defaultConfigurationName = Release;
		};
		61F1A68F1B4D4C7000242D95 /* Build configuration list for PBXNativeTarget "Interview" */ = {
			isa = XCConfigurationList;
			buildConfigurations = (
				61F1A6901B4D4C7000242D95 /* Debug */,
				61F1A6911B4D4C7000242D95 /* Release */,
			);
			defaultConfigurationIsVisible = 0;
			defaultConfigurationName = Release;
		};
		61F1A6921B4D4C7000242D95 /* Build configuration list for PBXNativeTarget "InterviewTests" */ = {
			isa = XCConfigurationList;
			buildConfigurations = (
				61F1A6931B4D4C7000242D95 /* Debug */,
				61F1A6941B4D4C7000242D95 /* Release */,
			);
			defaultConfigurationIsVisible = 0;
			defaultConfigurationName = Release;
		};
		61F1A6951B4D4C7000242D95 /* Build configuration list for PBXNativeTarget "InterviewUITests" */ = {
			isa = XCConfigurationList;
			buildConfigurations = (
				61F1A6961B4D4C7000242D95 /* Debug */,
				61F1A6971B4D4C7000242D95 /* Release */,
			);
			defaultConfigurationIsVisible = 0;
			defaultConfigurationName = Release;
		};
/* End XCConfigurationList section */
	};
	rootObject = 61F1A65A1B4D4C7000242D95 /* Project object */;
}
